<Solution>
  <Folder Name="/API.IntegrationTests/">
    <Project Path="API.IntegrationTests/FidelixAPI.API.IntegrationTests.csproj" />
  </Folder>
  <Folder Name="/API/">
    <Project Path="API/FidelixAPI.API.csproj" />
  </Folder>
  <Folder Name="/BusinessLogic.Tests/">
    <Project Path="BusinessLogic.Tests/FidelixAPI.BusinessLogic.Tests.csproj" />
  </Folder>
  <Folder Name="/BusinessLogic/">
    <Project Path="BusinessLogic/FidelixAPI.BusinessLogic.csproj" />
  </Folder>
  <Folder Name="/DataAccess/">
    <Project Path="DataAccess/FidelixAPI.DataAccess.csproj" />
  </Folder>
  <Folder Name="/Shared/">
    <Project Path="Shared/FidelixAPI.Shared.csproj" />
  </Folder>
</Solution>
